
Microsoft Visual Studio Solution File, Format Version 12.00
# Visual Studio 15
VisualStudioVersion = 15.0.27703.2026
MinimumVisualStudioVersion = 10.0.40219.1
Project("{FAE04EC0-301F-11D3-BF4B-00C04F79EFBC}") = "Merddyns Super Beautiful Palette Holder WinForm", "Merddyns Super Beautiful Palette Holder WinForm\Merddyns Super Beautiful Palette Holder WinForm.csproj", "{77C0A0C7-DDA4-428A-914C-98B2E74743FE}"
EndProject
Global
	GlobalSection(SolutionConfigurationPlatforms) = preSolution
		Debug|Any CPU = Debug|Any CPU
		Release|Any CPU = Release|Any CPU
	EndGlobalSection
	GlobalSection(ProjectConfigurationPlatforms) = postSolution
		{77C0A0C7-DDA4-428A-914C-98B2E74743FE}.Debug|Any CPU.ActiveCfg = Debug|Any CPU
		{77C0A0C7-DDA4-428A-914C-98B2E74743FE}.Debug|Any CPU.Build.0 = Debug|Any CPU
		{77C0A0C7-DDA4-428A-914C-98B2E74743FE}.Release|Any CPU.ActiveCfg = Release|Any CPU
		{77C0A0C7-DDA4-428A-914C-98B2E74743FE}.Release|Any CPU.Build.0 = Release|Any CPU
	EndGlobalSection
	GlobalSection(SolutionProperties) = preSolution
		HideSolutionNode = FALSE
	EndGlobalSection
	GlobalSection(ExtensibilityGlobals) = postSolution
		SolutionGuid = {6EC6482F-BCB1-48E5-91E4-7C92EBFD8627}
	EndGlobalSection
EndGlobal
